// !$*UTF8*$!
{
	archiveVersion = 1;
	classes = {
	};
	objectVersion = 77;
	objects = {

/* Begin PBXBuildFile section */
		AE9DEB7B2DD3962B000DE335 /* Info.plist in Resources */ = {isa = PBXBuildFile; fileRef = AE9DEB7A2DD3962B000DE335 /* Info.plist */; };
		AEA439182DD4DA0800BCD1C5 /* .gitignore in Resources */ = {isa = PBXBuildFile; fileRef = AEA439172DD4DA0800BCD1C5 /* .gitignore */; };
		AEA4391A2DD4DA4800BCD1C5 /* Secrets.xcconfig in Resources */ = {isa = PBXBuildFile; fileRef = AEA439192DD4DA4800BCD1C5 /* Secrets.xcconfig */; };
/* End PBXBuildFile section */

/* Begin PBXContainerItemProxy section */
		AE9DEB5E2DD395ED000DE335 /* PBXContainerItemProxy */ = {
			isa = PBXContainerItemProxy;
			containerPortal = AE9DEB472DD395EB000DE335 /* Project object */;
			proxyType = 1;
			remoteGlobalIDString = AE9DEB4E2DD395EB000DE335;
			remoteInfo = MenuTicker;
		};
		AE9DEB682DD395ED000DE335 /* PBXContainerItemProxy */ = {
			isa = PBXContainerItemProxy;
			containerPortal = AE9DEB472DD395EB000DE335 /* Project object */;
			proxyType = 1;
			remoteGlobalIDString = AE9DEB4E2DD395EB000DE335;
			remoteInfo = MenuTicker;
		};
/* End PBXContainerItemProxy section */

/* Begin PBXFileReference section */
		AE9DEB4F2DD395EB000DE335 /* MenuTicker.app */ = {isa = PBXFileReference; explicitFileType = wrapper.application; includeInIndex = 0; path = MenuTicker.app; sourceTree = BUILT_PRODUCTS_DIR; };
		AE9DEB5D2DD395ED000DE335 /* MenuTickerTests.xctest */ = {isa = PBXFileReference; explicitFileType = wrapper.cfbundle; includeInIndex = 0; path = MenuTickerTests.xctest; sourceTree = BUILT_PRODUCTS_DIR; };
		AE9DEB672DD395ED000DE335 /* MenuTickerUITests.xctest */ = {isa = PBXFileReference; explicitFileType = wrapper.cfbundle; includeInIndex = 0; path = MenuTickerUITests.xctest; sourceTree = BUILT_PRODUCTS_DIR; };
		AE9DEB7A2DD3962B000DE335 /* Info.plist */ = {isa = PBXFileReference; lastKnownFileType = text.plist.xml; path = Info.plist; sourceTree = "<group>"; };
		AEA439172DD4DA0800BCD1C5 /* .gitignore */ = {isa = PBXFileReference; lastKnownFileType = text; path = .gitignore; sourceTree = "<group>"; };
		AEA439192DD4DA4800BCD1C5 /* Secrets.xcconfig */ = {isa = PBXFileReference; lastKnownFileType = text.xcconfig; path = Secrets.xcconfig; sourceTree = "<group>"; };
/* End PBXFileReference section */

/* Begin PBXFileSystemSynchronizedRootGroup section */
		AE9DEB512DD395EB000DE335 /* MenuTicker */ = {
			isa = PBXFileSystemSynchronizedRootGroup;
			path = MenuTicker;
			sourceTree = "<group>";
		};
		AE9DEB602DD395ED000DE335 /* MenuTickerTests */ = {
			isa = PBXFileSystemSynchronizedRootGroup;
			path = MenuTickerTests;
			sourceTree = "<group>";
		};
		AE9DEB6A2DD395ED000DE335 /* MenuTickerUITests */ = {
			isa = PBXFileSystemSynchronizedRootGroup;
			path = MenuTickerUITests;
			sourceTree = "<group>";
		};
/* End PBXFileSystemSynchronizedRootGroup section */

/* Begin PBXFrameworksBuildPhase section */
		AE9DEB4C2DD395EB000DE335 /* Frameworks */ = {
			isa = PBXFrameworksBuildPhase;
			buildActionMask = 2147483647;
			files = (
			);
			runOnlyForDeploymentPostprocessing = 0;
		};
		AE9DEB5A2DD395ED000DE335 /* Frameworks */ = {
			isa = PBXFrameworksBuildPhase;
			buildActionMask = 2147483647;
			files = (
			);
			runOnlyForDeploymentPostprocessing = 0;
		};
		AE9DEB642DD395ED000DE335 /* Frameworks */ = {
			isa = PBXFrameworksBuildPhase;
			buildActionMask = 2147483647;
			files = (
			);
			runOnlyForDeploymentPostprocessing = 0;
		};
/* End PBXFrameworksBuildPhase section */

/* Begin PBXGroup section */
		AE9DEB462DD395EB000DE335 = {
			isa = PBXGroup;
			children = (
				AEA439172DD4DA0800BCD1C5 /* .gitignore */,
				AEA439192DD4DA4800BCD1C5 /* Secrets.xcconfig */,
				AE9DEB7A2DD3962B000DE335 /* Info.plist */,
				AE9DEB512DD395EB000DE335 /* MenuTicker */,
				AE9DEB602DD395ED000DE335 /* MenuTickerTests */,
				AE9DEB6A2DD395ED000DE335 /* MenuTickerUITests */,
				AE9DEB502DD395EB000DE335 /* Products */,
			);
			sourceTree = "<group>";
		};
		AE9DEB502DD395EB000DE335 /* Products */ = {
			isa = PBXGroup;
			children = (
				AE9DEB4F2DD395EB000DE335 /* MenuTicker.app */,
				AE9DEB5D2DD395ED000DE335 /* MenuTickerTests.xctest */,
				AE9DEB672DD395ED000DE335 /* MenuTickerUITests.xctest */,
			);
			name = Products;
			sourceTree = "<group>";
		};
/* End PBXGroup section */

/* Begin PBXNativeTarget section */
		AE9DEB4E2DD395EB000DE335 /* MenuTicker */ = {
			isa = PBXNativeTarget;
			buildConfigurationList = AE9DEB712DD395ED000DE335 /* Build configuration list for PBXNativeTarget "MenuTicker" */;
			buildPhases = (
				AE9DEB4B2DD395EB000DE335 /* Sources */,
				AE9DEB4C2DD395EB000DE335 /* Frameworks */,
				AE9DEB4D2DD395EB000DE335 /* Resources */,
			);
			buildRules = (
			);
			dependencies = (
			);
			fileSystemSynchronizedGroups = (
				AE9DEB512DD395EB000DE335 /* MenuTicker */,
			);
			name = MenuTicker;
			packageProductDependencies = (
			);
			productName = MenuTicker;
			productReference = AE9DEB4F2DD395EB000DE335 /* MenuTicker.app */;
			productType = "com.apple.product-type.application";
		};
		AE9DEB5C2DD395ED000DE335 /* MenuTickerTests */ = {
			isa = PBXNativeTarget;
			buildConfigurationList = AE9DEB742DD395ED000DE335 /* Build configuration list for PBXNativeTarget "MenuTickerTests" */;
			buildPhases = (
				AE9DEB592DD395ED000DE335 /* Sources */,
				AE9DEB5A2DD395ED000DE335 /* Frameworks */,
				AE9DEB5B2DD395ED000DE335 /* Resources */,
			);
			buildRules = (
			);
			dependencies = (
				AE9DEB5F2DD395ED000DE335 /* PBXTargetDependency */,
			);
			fileSystemSynchronizedGroups = (
				AE9DEB602DD395ED000DE335 /* MenuTickerTests */,
			);
			name = MenuTickerTests;
			packageProductDependencies = (
			);
			productName = MenuTickerTests;
			productReference = AE9DEB5D2DD395ED000DE335 /* MenuTickerTests.xctest */;
			productType = "com.apple.product-type.bundle.unit-test";
		};
		AE9DEB662DD395ED000DE335 /* MenuTickerUITests */ = {
			isa = PBXNativeTarget;
			buildConfigurationList = AE9DEB772DD395ED000DE335 /* Build configuration list for PBXNativeTarget "MenuTickerUITests" */;
			buildPhases = (
				AE9DEB632DD395ED000DE335 /* Sources */,
				AE9DEB642DD395ED000DE335 /* Frameworks */,
				AE9DEB652DD395ED000DE335 /* Resources */,
			);
			buildRules = (
			);
			dependencies = (
				AE9DEB692DD395ED000DE335 /* PBXTargetDependency */,
			);
			fileSystemSynchronizedGroups = (
				AE9DEB6A2DD395ED000DE335 /* MenuTickerUITests */,
			);
			name = MenuTickerUITests;
			packageProductDependencies = (
			);
			productName = MenuTickerUITests;
			productReference = AE9DEB672DD395ED000DE335 /* MenuTickerUITests.xctest */;
			productType = "com.apple.product-type.bundle.ui-testing";
		};
/* End PBXNativeTarget section */

/* Begin PBXProject section */
		AE9DEB472DD395EB000DE335 /* Project object */ = {
			isa = PBXProject;
			attributes = {
				BuildIndependentTargetsInParallel = 1;
				LastSwiftUpdateCheck = 1630;
				LastUpgradeCheck = 1630;
				TargetAttributes = {
					AE9DEB4E2DD395EB000DE335 = {
						CreatedOnToolsVersion = 16.3;
					};
					AE9DEB5C2DD395ED000DE335 = {
						CreatedOnToolsVersion = 16.3;
						TestTargetID = AE9DEB4E2DD395EB000DE335;
					};
					AE9DEB662DD395ED000DE335 = {
						CreatedOnToolsVersion = 16.3;
						TestTargetID = AE9DEB4E2DD395EB000DE335;
					};
				};
			};
			buildConfigurationList = AE9DEB4A2DD395EB000DE335 /* Build configuration list for PBXProject "MenuTicker" */;
			developmentRegion = en;
			hasScannedForEncodings = 0;
			knownRegions = (
				en,
				Base,
			);
			mainGroup = AE9DEB462DD395EB000DE335;
			minimizedProjectReferenceProxies = 1;
			preferredProjectObjectVersion = 77;
			productRefGroup = AE9DEB502DD395EB000DE335 /* Products */;
			projectDirPath = "";
			projectRoot = "";
			targets = (
				AE9DEB4E2DD395EB000DE335 /* MenuTicker */,
				AE9DEB5C2DD395ED000DE335 /* MenuTickerTests */,
				AE9DEB662DD395ED000DE335 /* MenuTickerUITests */,
			);
		};
/* End PBXProject section */

/* Begin PBXResourcesBuildPhase section */
		AE9DEB4D2DD395EB000DE335 /* Resources */ = {
			isa = PBXResourcesBuildPhase;
			buildActionMask = 2147483647;
			files = (
				AEA4391A2DD4DA4800BCD1C5 /* Secrets.xcconfig in Resources */,
				AEA439182DD4DA0800BCD1C5 /* .gitignore in Resources */,
				AE9DEB7B2DD3962B000DE335 /* Info.plist in Resources */,
			);
			runOnlyForDeploymentPostprocessing = 0;
		};
		AE9DEB5B2DD395ED000DE335 /* Resources */ = {
			isa = PBXResourcesBuildPhase;
			buildActionMask = 2147483647;
			files = (
			);
			runOnlyForDeploymentPostprocessing = 0;
		};
		AE9DEB652DD395ED000DE335 /* Resources */ = {
			isa = PBXResourcesBuildPhase;
			buildActionMask = 2147483647;
			files = (
			);
			runOnlyForDeploymentPostprocessing = 0;
		};
/* End PBXResourcesBuildPhase section */

/* Begin PBXSourcesBuildPhase section */
		AE9DEB4B2DD395EB000DE335 /* Sources */ = {
			isa = PBXSourcesBuildPhase;
			buildActionMask = 2147483647;
			files = (
			);
			runOnlyForDeploymentPostprocessing = 0;
		};
		AE9DEB592DD395ED000DE335 /* Sources */ = {
			isa = PBXSourcesBuildPhase;
			buildActionMask = 2147483647;
			files = (
			);
			runOnlyForDeploymentPostprocessing = 0;
		};
		AE9DEB632DD395ED000DE335 /* Sources */ = {
			isa = PBXSourcesBuildPhase;
			buildActionMask = 2147483647;
			files = (
			);
			runOnlyForDeploymentPostprocessing = 0;
		};
/* End PBXSourcesBuildPhase section */

/* Begin PBXTargetDependency section */
		AE9DEB5F2DD395ED000DE335 /* PBXTargetDependency */ = {
			isa = PBXTargetDependency;
			target = AE9DEB4E2DD395EB000DE335 /* MenuTicker */;
			targetProxy = AE9DEB5E2DD395ED000DE335 /* PBXContainerItemProxy */;
		};
		AE9DEB692DD395ED000DE335 /* PBXTargetDependency */ = {
			isa = PBXTargetDependency;
			target = AE9DEB4E2DD395EB000DE335 /* MenuTicker */;
			targetProxy = AE9DEB682DD395ED000DE335 /* PBXContainerItemProxy */;
		};
/* End PBXTargetDependency section */

/* Begin XCBuildConfiguration section */
		AE9DEB6F2DD395ED000DE335 /* Debug */ = {
			isa = XCBuildConfiguration;
			baseConfigurationReference = AEA439192DD4DA4800BCD1C5 /* Secrets.xcconfig */;
			buildSettings = {
				ALWAYS_SEARCH_USER_PATHS = NO;
				ASSETCATALOG_COMPILER_GENERATE_SWIFT_ASSET_SYMBOL_EXTENSIONS = YES;
				CLANG_ANALYZER_NONNULL = YES;
				CLANG_ANALYZER_NUMBER_OBJECT_CONVERSION = YES_AGGRESSIVE;
				CLANG_CXX_LANGUAGE_STANDARD = "gnu++20";
				CLANG_ENABLE_MODULES = YES;
				CLANG_ENABLE_OBJC_ARC = YES;
				CLANG_ENABLE_OBJC_WEAK = YES;
				CLANG_WARN_BLOCK_CAPTURE_AUTORELEASING = YES;
				CLANG_WARN_BOOL_CONVERSION = YES;
				CLANG_WARN_COMMA = YES;
				CLANG_WARN_CONSTANT_CONVERSION = YES;
				CLANG_WARN_DEPRECATED_OBJC_IMPLEMENTATIONS = YES;
				CLANG_WARN_DIRECT_OBJC_ISA_USAGE = YES_ERROR;
				CLANG_WARN_DOCUMENTATION_COMMENTS = YES;
				CLANG_WARN_EMPTY_BODY = YES;
				CLANG_WARN_ENUM_CONVERSION = YES;
				CLANG_WARN_INFINITE_RECURSION = YES;
				CLANG_WARN_INT_CONVERSION = YES;
				CLANG_WARN_NON_LITERAL_NULL_CONVERSION = YES;
				CLANG_WARN_OBJC_IMPLICIT_RETAIN_SELF = YES;
				CLANG_WARN_OBJC_LITERAL_CONVERSION = YES;
				CLANG_WARN_OBJC_ROOT_CLASS = YES_ERROR;
				CLANG_WARN_QUOTED_INCLUDE_IN_FRAMEWORK_HEADER = YES;
				CLANG_WARN_RANGE_LOOP_ANALYSIS = YES;
				CLANG_WARN_STRICT_PROTOTYPES = YES;
				CLANG_WARN_SUSPICIOUS_MOVE = YES;
				CLANG_WARN_UNGUARDED_AVAILABILITY = YES_AGGRESSIVE;
				CLANG_WARN_UNREACHABLE_CODE = YES;
				CLANG_WARN__DUPLICATE_METHOD_MATCH = YES;
				COPY_PHASE_STRIP = NO;
				DEBUG_INFORMATION_FORMAT = dwarf;
				ENABLE_STRICT_OBJC_MSGSEND = YES;
				ENABLE_TESTABILITY = YES;
				ENABLE_USER_SCRIPT_SANDBOXING = YES;
				GCC_C_LANGUAGE_STANDARD = gnu17;
				GCC_DYNAMIC_NO_PIC = NO;
				GCC_NO_COMMON_BLOCKS = YES;
				GCC_OPTIMIZATION_LEVEL = 0;
				GCC_PREPROCESSOR_DEFINITIONS = (
					"DEBUG=1",
					"$(inherited)",
				);
				GCC_WARN_64_TO_32_BIT_CONVERSION = YES;
				GCC_WARN_ABOUT_RETURN_TYPE = YES_ERROR;
				GCC_WARN_UNDECLARED_SELECTOR = YES;
				GCC_WARN_UNINITIALIZED_AUTOS = YES_AGGRESSIVE;
				GCC_WARN_UNUSED_FUNCTION = YES;
				GCC_WARN_UNUSED_VARIABLE = YES;
				LOCALIZATION_PREFERS_STRING_CATALOGS = YES;
				MACOSX_DEPLOYMENT_TARGET = 15.4;
				MTL_ENABLE_DEBUG_INFO = INCLUDE_SOURCE;
				MTL_FAST_MATH = YES;
				ONLY_ACTIVE_ARCH = YES;
				SDKROOT = macosx;
				SWIFT_ACTIVE_COMPILATION_CONDITIONS = "DEBUG $(inherited)";
				SWIFT_OPTIMIZATION_LEVEL = "-Onone";
			};
			name = Debug;
		};
		AE9DEB702DD395ED000DE335 /* Release */ = {
			isa = XCBuildConfiguration;
			baseConfigurationReference = AEA439192DD4DA4800BCD1C5 /* Secrets.xcconfig */;
			buildSettings = {
				ALWAYS_SEARCH_USER_PATHS = NO;
				ASSETCATALOG_COMPILER_GENERATE_SWIFT_ASSET_SYMBOL_EXTENSIONS = YES;
				CLANG_ANALYZER_NONNULL = YES;
				CLANG_ANALYZER_NUMBER_OBJECT_CONVERSION = YES_AGGRESSIVE;
				CLANG_CXX_LANGUAGE_STANDARD = "gnu++20";
				CLANG_ENABLE_MODULES = YES;
				CLANG_ENABLE_OBJC_ARC = YES;
				CLANG_ENABLE_OBJC_WEAK = YES;
				CLANG_WARN_BLOCK_CAPTURE_AUTORELEASING = YES;
				CLANG_WARN_BOOL_CONVERSION = YES;
				CLANG_WARN_COMMA = YES;
				CLANG_WARN_CONSTANT_CONVERSION = YES;
				CLANG_WARN_DEPRECATED_OBJC_IMPLEMENTATIONS = YES;
				CLANG_WARN_DIRECT_OBJC_ISA_USAGE = YES_ERROR;
				CLANG_WARN_DOCUMENTATION_COMMENTS = YES;
				CLANG_WARN_EMPTY_BODY = YES;
				CLANG_WARN_ENUM_CONVERSION = YES;
				CLANG_WARN_INFINITE_RECURSION = YES;
				CLANG_WARN_INT_CONVERSION = YES;
				CLANG_WARN_NON_LITERAL_NULL_CONVERSION = YES;
				CLANG_WARN_OBJC_IMPLICIT_RETAIN_SELF = YES;
				CLANG_WARN_OBJC_LITERAL_CONVERSION = YES;
				CLANG_WARN_OBJC_ROOT_CLASS = YES_ERROR;
				CLANG_WARN_QUOTED_INCLUDE_IN_FRAMEWORK_HEADER = YES;
				CLANG_WARN_RANGE_LOOP_ANALYSIS = YES;
				CLANG_WARN_STRICT_PROTOTYPES = YES;
				CLANG_WARN_SUSPICIOUS_MOVE = YES;
				CLANG_WARN_UNGUARDED_AVAILABILITY = YES_AGGRESSIVE;
				CLANG_WARN_UNREACHABLE_CODE = YES;
				CLANG_WARN__DUPLICATE_METHOD_MATCH = YES;
				COPY_PHASE_STRIP = NO;
				DEBUG_INFORMATION_FORMAT = "dwarf-with-dsym";
				ENABLE_NS_ASSERTIONS = NO;
				ENABLE_STRICT_OBJC_MSGSEND = YES;
				ENABLE_USER_SCRIPT_SANDBOXING = YES;
				GCC_C_LANGUAGE_STANDARD = gnu17;
				GCC_NO_COMMON_BLOCKS = YES;
				GCC_WARN_64_TO_32_BIT_CONVERSION = YES;
				GCC_WARN_ABOUT_RETURN_TYPE = YES_ERROR;
				GCC_WARN_UNDECLARED_SELECTOR = YES;
				GCC_WARN_UNINITIALIZED_AUTOS = YES_AGGRESSIVE;
				GCC_WARN_UNUSED_FUNCTION = YES;
				GCC_WARN_UNUSED_VARIABLE = YES;
				LOCALIZATION_PREFERS_STRING_CATALOGS = YES;
				MACOSX_DEPLOYMENT_TARGET = 15.4;
				MTL_ENABLE_DEBUG_INFO = NO;
				MTL_FAST_MATH = YES;
				SDKROOT = macosx;
				SWIFT_COMPILATION_MODE = wholemodule;
			};
			name = Release;
		};
		AE9DEB722DD395ED000DE335 /* Debug */ = {
			isa = XCBuildConfiguration;
			buildSettings = {
				ASSETCATALOG_COMPILER_APPICON_NAME = AppIcon;
				ASSETCATALOG_COMPILER_GLOBAL_ACCENT_COLOR_NAME = AccentColor;
				CODE_SIGN_ENTITLEMENTS = MenuTicker/MenuTicker.entitlements;
				"CODE_SIGN_IDENTITY[sdk=macosx*]" = "-";
				CODE_SIGN_STYLE = Automatic;
				COMBINE_HIDPI_IMAGES = YES;
				CURRENT_PROJECT_VERSION = 1;
				ENABLE_PREVIEWS = YES;
				GENERATE_INFOPLIST_FILE = YES;
				INFOPLIST_FILE = "$(SRCROOT)/Info.plist";
				INFOPLIST_KEY_CFBundleDisplayName = "RKLB Menu Ticker";
				INFOPLIST_KEY_LSApplicationCategoryType = "public.app-category.finance";
				INFOPLIST_KEY_NSHumanReadableCopyright = "";
				LD_RUNPATH_SEARCH_PATHS = (
					"$(inherited)",
					"@executable_path/../Frameworks",
				);
				MARKETING_VERSION = 1.0;
				PRODUCT_BUNDLE_IDENTIFIER = com.jonambas.MenuTicker;
				PRODUCT_NAME = "$(TARGET_NAME)";
				REGISTER_APP_GROUPS = YES;
				SWIFT_EMIT_LOC_STRINGS = YES;
				SWIFT_VERSION = 5.0;
			};
			name = Debug;
		};
		AE9DEB732DD395ED000DE335 /* Release */ = {
			isa = XCBuildConfiguration;
			buildSettings = {
				ASSETCATALOG_COMPILER_APPICON_NAME = AppIcon;
				ASSETCATALOG_COMPILER_GLOBAL_ACCENT_COLOR_NAME = AccentColor;
				CODE_SIGN_ENTITLEMENTS = MenuTicker/MenuTicker.entitlements;
				"CODE_SIGN_IDENTITY[sdk=macosx*]" = "-";
				CODE_SIGN_STYLE = Automatic;
				COMBINE_HIDPI_IMAGES = YES;
				CURRENT_PROJECT_VERSION = 1;
				ENABLE_PREVIEWS = YES;
				GENERATE_INFOPLIST_FILE = YES;
				INFOPLIST_FILE = "$(SRCROOT)/Info.plist";
				INFOPLIST_KEY_CFBundleDisplayName = "RKLB Menu Ticker";
				INFOPLIST_KEY_LSApplicationCategoryType = "public.app-category.finance";
				INFOPLIST_KEY_NSHumanReadableCopyright = "";
				LD_RUNPATH_SEARCH_PATHS = (
					"$(inherited)",
					"@executable_path/../Frameworks",
				);
				MARKETING_VERSION = 1.0;
				PRODUCT_BUNDLE_IDENTIFIER = com.jonambas.MenuTicker;
				PRODUCT_NAME = "$(TARGET_NAME)";
				REGISTER_APP_GROUPS = YES;
				SWIFT_EMIT_LOC_STRINGS = YES;
				SWIFT_VERSION = 5.0;
			};
			name = Release;
		};
		AE9DEB752DD395ED000DE335 /* Debug */ = {
			isa = XCBuildConfiguration;
			buildSettings = {
				BUNDLE_LOADER = "$(TEST_HOST)";
				CODE_SIGN_STYLE = Automatic;
				CURRENT_PROJECT_VERSION = 1;
				GENERATE_INFOPLIST_FILE = YES;
				MACOSX_DEPLOYMENT_TARGET = 15.4;
				MARKETING_VERSION = 1.0;
				PRODUCT_BUNDLE_IDENTIFIER = com.jonambas.MenuTickerTests;
				PRODUCT_NAME = "$(TARGET_NAME)";
				SWIFT_EMIT_LOC_STRINGS = NO;
				SWIFT_VERSION = 5.0;
				TEST_HOST = "$(BUILT_PRODUCTS_DIR)/MenuTicker.app/$(BUNDLE_EXECUTABLE_FOLDER_PATH)/MenuTicker";
			};
			name = Debug;
		};
		AE9DEB762DD395ED000DE335 /* Release */ = {
			isa = XCBuildConfiguration;
			buildSettings = {
				BUNDLE_LOADER = "$(TEST_HOST)";
				CODE_SIGN_STYLE = Automatic;
				CURRENT_PROJECT_VERSION = 1;
				GENERATE_INFOPLIST_FILE = YES;
				MACOSX_DEPLOYMENT_TARGET = 15.4;
				MARKETING_VERSION = 1.0;
				PRODUCT_BUNDLE_IDENTIFIER = com.jonambas.MenuTickerTests;
				PRODUCT_NAME = "$(TARGET_NAME)";
				SWIFT_EMIT_LOC_STRINGS = NO;
				SWIFT_VERSION = 5.0;
				TEST_HOST = "$(BUILT_PRODUCTS_DIR)/MenuTicker.app/$(BUNDLE_EXECUTABLE_FOLDER_PATH)/MenuTicker";
			};
			name = Release;
		};
		AE9DEB782DD395ED000DE335 /* Debug */ = {
			isa = XCBuildConfiguration;
			buildSettings = {
				CODE_SIGN_STYLE = Automatic;
				CURRENT_PROJECT_VERSION = 1;
				GENERATE_INFOPLIST_FILE = YES;
				MARKETING_VERSION = 1.0;
				PRODUCT_BUNDLE_IDENTIFIER = com.jonambas.MenuTickerUITests;
				PRODUCT_NAME = "$(TARGET_NAME)";
				SWIFT_EMIT_LOC_STRINGS = NO;
				SWIFT_VERSION = 5.0;
				TEST_TARGET_NAME = MenuTicker;
			};
			name = Debug;
		};
		AE9DEB792DD395ED000DE335 /* Release */ = {
			isa = XCBuildConfiguration;
			buildSettings = {
				CODE_SIGN_STYLE = Automatic;
				CURRENT_PROJECT_VERSION = 1;
				GENERATE_INFOPLIST_FILE = YES;
				MARKETING_VERSION = 1.0;
				PRODUCT_BUNDLE_IDENTIFIER = com.jonambas.MenuTickerUITests;
				PRODUCT_NAME = "$(TARGET_NAME)";
				SWIFT_EMIT_LOC_STRINGS = NO;
				SWIFT_VERSION = 5.0;
				TEST_TARGET_NAME = MenuTicker;
			};
			name = Release;
		};
/* End XCBuildConfiguration section */

/* Begin XCConfigurationList section */
		AE9DEB4A2DD395EB000DE335 /* Build configuration list for PBXProject "MenuTicker" */ = {
			isa = XCConfigurationList;
			buildConfigurations = (
				AE9DEB6F2DD395ED000DE335 /* Debug */,
				AE9DEB702DD395ED000DE335 /* Release */,
			);
			defaultConfigurationIsVisible = 0;
			defaultConfigurationName = Release;
		};
		AE9DEB712DD395ED000DE335 /* Build configuration list for PBXNativeTarget "MenuTicker" */ = {
			isa = XCConfigurationList;
			buildConfigurations = (
				AE9DEB722DD395ED000DE335 /* Debug */,
				AE9DEB732DD395ED000DE335 /* Release */,
			);
			defaultConfigurationIsVisible = 0;
			defaultConfigurationName = Release;
		};
		AE9DEB742DD395ED000DE335 /* Build configuration list for PBXNativeTarget "MenuTickerTests" */ = {
			isa = XCConfigurationList;
			buildConfigurations = (
				AE9DEB752DD395ED000DE335 /* Debug */,
				AE9DEB762DD395ED000DE335 /* Release */,
			);
			defaultConfigurationIsVisible = 0;
			defaultConfigurationName = Release;
		};
		AE9DEB772DD395ED000DE335 /* Build configuration list for PBXNativeTarget "MenuTickerUITests" */ = {
			isa = XCConfigurationList;
			buildConfigurations = (
				AE9DEB782DD395ED000DE335 /* Debug */,
				AE9DEB792DD395ED000DE335 /* Release */,
			);
			defaultConfigurationIsVisible = 0;
			defaultConfigurationName = Release;
		};
/* End XCConfigurationList section */
	};
	rootObject = AE9DEB472DD395EB000DE335 /* Project object */;
}
